
Microsoft Visual Studio Solution File, Format Version 12.00
Project("{2150E333-8FDC-42A3-9474-1A3956D46DE8}") = "Core", "Core", "{E3DC9DF4-56C7-42D0-9689-A737DF287307}"
EndProject
Project("{2150E333-8FDC-42A3-9474-1A3956D46DE8}") = "Infrastructure", "Infrastructure", "{67071E8F-F2A7-4F17-8358-74C13CCA5004}"
EndProject
Project("{2150E333-8FDC-42A3-9474-1A3956D46DE8}") = "Presentation", "Presentation", "{1F9467FB-AF7E-4185-89E9-B363704302BA}"
EndProject
Project("{FAE04EC0-301F-11D3-BF4B-00C04F79EFBC}") = "EticaretAPI.Domain", "Core\EticaretAPI.Domain\EticaretAPI.Domain.csproj", "{68CBBEC7-8ECD-4C3B-A31A-958FE67C50C1}"
EndProject
Project("{FAE04EC0-301F-11D3-BF4B-00C04F79EFBC}") = "EticaretAPI.Application", "Core\EticaretAPI.Application\EticaretAPI.Application.csproj", "{B44DD41C-173C-4D59-A654-64D7FDF132E5}"
EndProject
Project("{FAE04EC0-301F-11D3-BF4B-00C04F79EFBC}") = "EticaretAPI.Infrastructure", "Infrastructure\EticaretAPI.Infrastructure\EticaretAPI.Infrastructure.csproj", "{5F811DE2-A8C0-4946-A8F8-4D8AD2F104FC}"
EndProject
Project("{FAE04EC0-301F-11D3-BF4B-00C04F79EFBC}") = "EticaretAPI.Persistence", "Infrastructure\EticaretAPI.Persistence\EticaretAPI.Persistence.csproj", "{509EC35E-DE2B-4165-85FB-4DBB6779C7DC}"
EndProject
Project("{FAE04EC0-301F-11D3-BF4B-00C04F79EFBC}") = "EticaretAPI.API", "Presentation\EticaretAPI.API\EticaretAPI.API.csproj", "{DA36BB54-A823-4039-AE0C-FAC7E40DA57C}"
EndProject
Global
	GlobalSection(SolutionConfigurationPlatforms) = preSolution
		Debug|Any CPU = Debug|Any CPU
		Release|Any CPU = Release|Any CPU
	EndGlobalSection
	GlobalSection(NestedProjects) = preSolution
		{68CBBEC7-8ECD-4C3B-A31A-958FE67C50C1} = {E3DC9DF4-56C7-42D0-9689-A737DF287307}
		{B44DD41C-173C-4D59-A654-64D7FDF132E5} = {E3DC9DF4-56C7-42D0-9689-A737DF287307}
		{5F811DE2-A8C0-4946-A8F8-4D8AD2F104FC} = {67071E8F-F2A7-4F17-8358-74C13CCA5004}
		{509EC35E-DE2B-4165-85FB-4DBB6779C7DC} = {67071E8F-F2A7-4F17-8358-74C13CCA5004}
		{DA36BB54-A823-4039-AE0C-FAC7E40DA57C} = {1F9467FB-AF7E-4185-89E9-B363704302BA}
	EndGlobalSection
	GlobalSection(ProjectConfigurationPlatforms) = postSolution
		{68CBBEC7-8ECD-4C3B-A31A-958FE67C50C1}.Debug|Any CPU.ActiveCfg = Debug|Any CPU
		{68CBBEC7-8ECD-4C3B-A31A-958FE67C50C1}.Debug|Any CPU.Build.0 = Debug|Any CPU
		{68CBBEC7-8ECD-4C3B-A31A-958FE67C50C1}.Release|Any CPU.ActiveCfg = Release|Any CPU
		{68CBBEC7-8ECD-4C3B-A31A-958FE67C50C1}.Release|Any CPU.Build.0 = Release|Any CPU
		{B44DD41C-173C-4D59-A654-64D7FDF132E5}.Debug|Any CPU.ActiveCfg = Debug|Any CPU
		{B44DD41C-173C-4D59-A654-64D7FDF132E5}.Debug|Any CPU.Build.0 = Debug|Any CPU
		{B44DD41C-173C-4D59-A654-64D7FDF132E5}.Release|Any CPU.ActiveCfg = Release|Any CPU
		{B44DD41C-173C-4D59-A654-64D7FDF132E5}.Release|Any CPU.Build.0 = Release|Any CPU
		{5F811DE2-A8C0-4946-A8F8-4D8AD2F104FC}.Debug|Any CPU.ActiveCfg = Debug|Any CPU
		{5F811DE2-A8C0-4946-A8F8-4D8AD2F104FC}.Debug|Any CPU.Build.0 = Debug|Any CPU
		{5F811DE2-A8C0-4946-A8F8-4D8AD2F104FC}.Release|Any CPU.ActiveCfg = Release|Any CPU
		{5F811DE2-A8C0-4946-A8F8-4D8AD2F104FC}.Release|Any CPU.Build.0 = Release|Any CPU
		{509EC35E-DE2B-4165-85FB-4DBB6779C7DC}.Debug|Any CPU.ActiveCfg = Debug|Any CPU
		{509EC35E-DE2B-4165-85FB-4DBB6779C7DC}.Debug|Any CPU.Build.0 = Debug|Any CPU
		{509EC35E-DE2B-4165-85FB-4DBB6779C7DC}.Release|Any CPU.ActiveCfg = Release|Any CPU
		{509EC35E-DE2B-4165-85FB-4DBB6779C7DC}.Release|Any CPU.Build.0 = Release|Any CPU
		{DA36BB54-A823-4039-AE0C-FAC7E40DA57C}.Debug|Any CPU.ActiveCfg = Debug|Any CPU
		{DA36BB54-A823-4039-AE0C-FAC7E40DA57C}.Debug|Any CPU.Build.0 = Debug|Any CPU
		{DA36BB54-A823-4039-AE0C-FAC7E40DA57C}.Release|Any CPU.ActiveCfg = Release|Any CPU
		{DA36BB54-A823-4039-AE0C-FAC7E40DA57C}.Release|Any CPU.Build.0 = Release|Any CPU
	EndGlobalSection
EndGlobal
